
Microsoft Visual Studio Solution File, Format Version 12.00
# Visual Studio 15
VisualStudioVersion = 15.0.28307.757
MinimumVisualStudioVersion = 10.0.40219.1
Project("{FAE04EC0-301F-11D3-BF4B-00C04F79EFBC}") = "INF_OTO_SUSK", "INF_OTO_SUSK\INF_OTO_SUSK.csproj", "{AFCD6A1B-578C-4098-81F7-9D35F858C174}"
EndProject
Project("{FAE04EC0-301F-11D3-BF4B-00C04F79EFBC}") = "INF_OTO_SUSK_DataAccessLayer", "INF_OTO_SUSK_DataAccessLayer\INF_OTO_SUSK_DataAccessLayer.csproj", "{FFE81F58-C422-4A9D-A5C5-B604EF9978EB}"
EndProject
Project("{FAE04EC0-301F-11D3-BF4B-00C04F79EFBC}") = "INF_OTO_SUSK_BusinessLayer", "INF_OTO_SUSK_BusinessLayer\INF_OTO_SUSK_BusinessLayer.csproj", "{67CE6124-1C6C-4FE1-A499-A74C06C3D87C}"
EndProject
Project("{FAE04EC0-301F-11D3-BF4B-00C04F79EFBC}") = "INF_OTO_SUSK_Entities", "INF_OTO_SUSK_Entities\INF_OTO_SUSK_Entities.csproj", "{C172BBA9-5C82-4962-B07B-5076C9388749}"
EndProject
Project("{FAE04EC0-301F-11D3-BF4B-00C04F79EFBC}") = "OtoSusk_Winform", "OtoSusk_Winform\OtoSusk_Winform.csproj", "{470CDEAF-EF7B-4F7A-8150-01841B77F470}"
EndProject
Global
	GlobalSection(SolutionConfigurationPlatforms) = preSolution
		Debug|Any CPU = Debug|Any CPU
		Release|Any CPU = Release|Any CPU
	EndGlobalSection
	GlobalSection(ProjectConfigurationPlatforms) = postSolution
		{AFCD6A1B-578C-4098-81F7-9D35F858C174}.Debug|Any CPU.ActiveCfg = Debug|Any CPU
		{AFCD6A1B-578C-4098-81F7-9D35F858C174}.Debug|Any CPU.Build.0 = Debug|Any CPU
		{AFCD6A1B-578C-4098-81F7-9D35F858C174}.Release|Any CPU.ActiveCfg = Release|Any CPU
		{AFCD6A1B-578C-4098-81F7-9D35F858C174}.Release|Any CPU.Build.0 = Release|Any CPU
		{FFE81F58-C422-4A9D-A5C5-B604EF9978EB}.Debug|Any CPU.ActiveCfg = Debug|Any CPU
		{FFE81F58-C422-4A9D-A5C5-B604EF9978EB}.Debug|Any CPU.Build.0 = Debug|Any CPU
		{FFE81F58-C422-4A9D-A5C5-B604EF9978EB}.Release|Any CPU.ActiveCfg = Release|Any CPU
		{FFE81F58-C422-4A9D-A5C5-B604EF9978EB}.Release|Any CPU.Build.0 = Release|Any CPU
		{67CE6124-1C6C-4FE1-A499-A74C06C3D87C}.Debug|Any CPU.ActiveCfg = Debug|Any CPU
		{67CE6124-1C6C-4FE1-A499-A74C06C3D87C}.Debug|Any CPU.Build.0 = Debug|Any CPU
		{67CE6124-1C6C-4FE1-A499-A74C06C3D87C}.Release|Any CPU.ActiveCfg = Release|Any CPU
		{67CE6124-1C6C-4FE1-A499-A74C06C3D87C}.Release|Any CPU.Build.0 = Release|Any CPU
		{C172BBA9-5C82-4962-B07B-5076C9388749}.Debug|Any CPU.ActiveCfg = Debug|Any CPU
		{C172BBA9-5C82-4962-B07B-5076C9388749}.Debug|Any CPU.Build.0 = Debug|Any CPU
		{C172BBA9-5C82-4962-B07B-5076C9388749}.Release|Any CPU.ActiveCfg = Release|Any CPU
		{C172BBA9-5C82-4962-B07B-5076C9388749}.Release|Any CPU.Build.0 = Release|Any CPU
		{470CDEAF-EF7B-4F7A-8150-01841B77F470}.Debug|Any CPU.ActiveCfg = Debug|Any CPU
		{470CDEAF-EF7B-4F7A-8150-01841B77F470}.Debug|Any CPU.Build.0 = Debug|Any CPU
		{470CDEAF-EF7B-4F7A-8150-01841B77F470}.Release|Any CPU.ActiveCfg = Release|Any CPU
		{470CDEAF-EF7B-4F7A-8150-01841B77F470}.Release|Any CPU.Build.0 = Release|Any CPU
	EndGlobalSection
	GlobalSection(SolutionProperties) = preSolution
		HideSolutionNode = FALSE
	EndGlobalSection
	GlobalSection(ExtensibilityGlobals) = postSolution
		SolutionGuid = {67825368-85F2-4A39-BD49-48C599028DF6}
	EndGlobalSection
EndGlobal
